
Microsoft Visual Studio Solution File, Format Version 12.00
# Visual Studio 15
VisualStudioVersion = 15.0.26124.0
MinimumVisualStudioVersion = 15.0.26124.0
Project("{FAE04EC0-301F-11D3-BF4B-00C04F79EFBC}") = "ElCazador.Worker", "ElCazador.Worker\ElCazador.Worker.csproj", "{402F466D-2B1B-4DA3-8FA4-94FA6A45A63C}"
EndProject
Project("{FAE04EC0-301F-11D3-BF4B-00C04F79EFBC}") = "ElCazador.Web", "ElCazador.Web\ElCazador.Web.csproj", "{E9D89066-BF7E-412D-8F81-2FADD3FA949D}"
EndProject
Global
	GlobalSection(SolutionConfigurationPlatforms) = preSolution
		Debug|Any CPU = Debug|Any CPU
		Debug|x64 = Debug|x64
		Debug|x86 = Debug|x86
		Release|Any CPU = Release|Any CPU
		Release|x64 = Release|x64
		Release|x86 = Release|x86
	EndGlobalSection
	GlobalSection(SolutionProperties) = preSolution
		HideSolutionNode = FALSE
	EndGlobalSection
	GlobalSection(ProjectConfigurationPlatforms) = postSolution
		{402F466D-2B1B-4DA3-8FA4-94FA6A45A63C}.Debug|Any CPU.ActiveCfg = Debug|Any CPU
		{402F466D-2B1B-4DA3-8FA4-94FA6A45A63C}.Debug|Any CPU.Build.0 = Debug|Any CPU
		{402F466D-2B1B-4DA3-8FA4-94FA6A45A63C}.Debug|x64.ActiveCfg = Debug|Any CPU
		{402F466D-2B1B-4DA3-8FA4-94FA6A45A63C}.Debug|x64.Build.0 = Debug|Any CPU
		{402F466D-2B1B-4DA3-8FA4-94FA6A45A63C}.Debug|x86.ActiveCfg = Debug|Any CPU
		{402F466D-2B1B-4DA3-8FA4-94FA6A45A63C}.Debug|x86.Build.0 = Debug|Any CPU
		{402F466D-2B1B-4DA3-8FA4-94FA6A45A63C}.Release|Any CPU.ActiveCfg = Release|Any CPU
		{402F466D-2B1B-4DA3-8FA4-94FA6A45A63C}.Release|Any CPU.Build.0 = Release|Any CPU
		{402F466D-2B1B-4DA3-8FA4-94FA6A45A63C}.Release|x64.ActiveCfg = Release|Any CPU
		{402F466D-2B1B-4DA3-8FA4-94FA6A45A63C}.Release|x64.Build.0 = Release|Any CPU
		{402F466D-2B1B-4DA3-8FA4-94FA6A45A63C}.Release|x86.ActiveCfg = Release|Any CPU
		{402F466D-2B1B-4DA3-8FA4-94FA6A45A63C}.Release|x86.Build.0 = Release|Any CPU
		{E9D89066-BF7E-412D-8F81-2FADD3FA949D}.Debug|Any CPU.ActiveCfg = Debug|Any CPU
		{E9D89066-BF7E-412D-8F81-2FADD3FA949D}.Debug|Any CPU.Build.0 = Debug|Any CPU
		{E9D89066-BF7E-412D-8F81-2FADD3FA949D}.Debug|x64.ActiveCfg = Debug|Any CPU
		{E9D89066-BF7E-412D-8F81-2FADD3FA949D}.Debug|x64.Build.0 = Debug|Any CPU
		{E9D89066-BF7E-412D-8F81-2FADD3FA949D}.Debug|x86.ActiveCfg = Debug|Any CPU
		{E9D89066-BF7E-412D-8F81-2FADD3FA949D}.Debug|x86.Build.0 = Debug|Any CPU
		{E9D89066-BF7E-412D-8F81-2FADD3FA949D}.Release|Any CPU.ActiveCfg = Release|Any CPU
		{E9D89066-BF7E-412D-8F81-2FADD3FA949D}.Release|Any CPU.Build.0 = Release|Any CPU
		{E9D89066-BF7E-412D-8F81-2FADD3FA949D}.Release|x64.ActiveCfg = Release|Any CPU
		{E9D89066-BF7E-412D-8F81-2FADD3FA949D}.Release|x64.Build.0 = Release|Any CPU
		{E9D89066-BF7E-412D-8F81-2FADD3FA949D}.Release|x86.ActiveCfg = Release|Any CPU
		{E9D89066-BF7E-412D-8F81-2FADD3FA949D}.Release|x86.Build.0 = Release|Any CPU
	EndGlobalSection
EndGlobal
